
Microsoft Visual Studio Solution File, Format Version 12.00
# Visual Studio Version 17
VisualStudioVersion = 17.12.35506.116
MinimumVisualStudioVersion = 10.0.40219.1
Project("{FAE04EC0-301F-11D3-BF4B-00C04F79EFBC}") = "JA_Projekt", "JA_Projekt\JA_Projekt.csproj", "{31915C46-36DA-4B64-81D2-5CEC9F6D424D}"
	ProjectSection(ProjectDependencies) = postProject
		{0235D411-872D-40BE-A6EB-351D61777E7A} = {0235D411-872D-40BE-A6EB-351D61777E7A}
		{896CFD65-EBF2-4B58-8AFC-A05A4CE843AB} = {896CFD65-EBF2-4B58-8AFC-A05A4CE843AB}
	EndProjectSection
EndProject
Project("{8BC9CEB8-8B4A-11D0-8D11-00A0C91BC942}") = "JA_Asm", "JA_Asm\JA_Asm.vcxproj", "{896CFD65-EBF2-4B58-8AFC-A05A4CE843AB}"
EndProject
Project("{8BC9CEB8-8B4A-11D0-8D11-00A0C91BC942}") = "JA_C", "JA_C\JA_C.vcxproj", "{0235D411-872D-40BE-A6EB-351D61777E7A}"
EndProject
Global
	GlobalSection(SolutionConfigurationPlatforms) = preSolution
		Debug|Any CPU = Debug|Any CPU
		Debug|x64 = Debug|x64
		Debug|x86 = Debug|x86
		Release|Any CPU = Release|Any CPU
		Release|x64 = Release|x64
		Release|x86 = Release|x86
	EndGlobalSection
	GlobalSection(ProjectConfigurationPlatforms) = postSolution
		{31915C46-36DA-4B64-81D2-5CEC9F6D424D}.Debug|Any CPU.ActiveCfg = Debug|x64
		{31915C46-36DA-4B64-81D2-5CEC9F6D424D}.Debug|Any CPU.Build.0 = Debug|x64
		{31915C46-36DA-4B64-81D2-5CEC9F6D424D}.Debug|x64.ActiveCfg = Debug|x64
		{31915C46-36DA-4B64-81D2-5CEC9F6D424D}.Debug|x64.Build.0 = Debug|x64
		{31915C46-36DA-4B64-81D2-5CEC9F6D424D}.Debug|x86.ActiveCfg = Debug|Any CPU
		{31915C46-36DA-4B64-81D2-5CEC9F6D424D}.Debug|x86.Build.0 = Debug|Any CPU
		{31915C46-36DA-4B64-81D2-5CEC9F6D424D}.Release|Any CPU.ActiveCfg = Release|Any CPU
		{31915C46-36DA-4B64-81D2-5CEC9F6D424D}.Release|Any CPU.Build.0 = Release|Any CPU
		{31915C46-36DA-4B64-81D2-5CEC9F6D424D}.Release|x64.ActiveCfg = Release|x64
		{31915C46-36DA-4B64-81D2-5CEC9F6D424D}.Release|x64.Build.0 = Release|x64
		{31915C46-36DA-4B64-81D2-5CEC9F6D424D}.Release|x86.ActiveCfg = Release|Any CPU
		{31915C46-36DA-4B64-81D2-5CEC9F6D424D}.Release|x86.Build.0 = Release|Any CPU
		{896CFD65-EBF2-4B58-8AFC-A05A4CE843AB}.Debug|Any CPU.ActiveCfg = Debug|x64
		{896CFD65-EBF2-4B58-8AFC-A05A4CE843AB}.Debug|Any CPU.Build.0 = Debug|x64
		{896CFD65-EBF2-4B58-8AFC-A05A4CE843AB}.Debug|x64.ActiveCfg = Debug|x64
		{896CFD65-EBF2-4B58-8AFC-A05A4CE843AB}.Debug|x64.Build.0 = Debug|x64
		{896CFD65-EBF2-4B58-8AFC-A05A4CE843AB}.Debug|x86.ActiveCfg = Debug|Win32
		{896CFD65-EBF2-4B58-8AFC-A05A4CE843AB}.Debug|x86.Build.0 = Debug|Win32
		{896CFD65-EBF2-4B58-8AFC-A05A4CE843AB}.Release|Any CPU.ActiveCfg = Release|x64
		{896CFD65-EBF2-4B58-8AFC-A05A4CE843AB}.Release|Any CPU.Build.0 = Release|x64
		{896CFD65-EBF2-4B58-8AFC-A05A4CE843AB}.Release|x64.ActiveCfg = Release|x64
		{896CFD65-EBF2-4B58-8AFC-A05A4CE843AB}.Release|x64.Build.0 = Release|x64
		{896CFD65-EBF2-4B58-8AFC-A05A4CE843AB}.Release|x86.ActiveCfg = Release|Win32
		{896CFD65-EBF2-4B58-8AFC-A05A4CE843AB}.Release|x86.Build.0 = Release|Win32
		{0235D411-872D-40BE-A6EB-351D61777E7A}.Debug|Any CPU.ActiveCfg = Debug|x64
		{0235D411-872D-40BE-A6EB-351D61777E7A}.Debug|Any CPU.Build.0 = Debug|x64
		{0235D411-872D-40BE-A6EB-351D61777E7A}.Debug|x64.ActiveCfg = Debug|x64
		{0235D411-872D-40BE-A6EB-351D61777E7A}.Debug|x64.Build.0 = Debug|x64
		{0235D411-872D-40BE-A6EB-351D61777E7A}.Debug|x86.ActiveCfg = Debug|Win32
		{0235D411-872D-40BE-A6EB-351D61777E7A}.Debug|x86.Build.0 = Debug|Win32
		{0235D411-872D-40BE-A6EB-351D61777E7A}.Release|Any CPU.ActiveCfg = Release|x64
		{0235D411-872D-40BE-A6EB-351D61777E7A}.Release|Any CPU.Build.0 = Release|x64
		{0235D411-872D-40BE-A6EB-351D61777E7A}.Release|x64.ActiveCfg = Release|x64
		{0235D411-872D-40BE-A6EB-351D61777E7A}.Release|x64.Build.0 = Release|x64
		{0235D411-872D-40BE-A6EB-351D61777E7A}.Release|x86.ActiveCfg = Release|Win32
		{0235D411-872D-40BE-A6EB-351D61777E7A}.Release|x86.Build.0 = Release|Win32
	EndGlobalSection
	GlobalSection(SolutionProperties) = preSolution
		HideSolutionNode = FALSE
	EndGlobalSection
EndGlobal
